{
  "requires": true,
  "lockfileVersion": 1,
  "dependencies": {
    "amdefine": {
      "version": "1.0.1",
      "resolved": "https://registry.npmjs.org/amdefine/-/amdefine-1.0.1.tgz",
      "integrity": "sha1-SlKCrBZHKek2Gbz9OtFR+BfOkfU="
    },
    "async": {
      "version": "0.2.10",
      "resolved": "https://registry.npmjs.org/async/-/async-0.2.10.tgz",
      "integrity": "sha1-trvgsGdLnXGXCMo43owjfLUmw9E="
    },
    "chroma": {
      "version": "0.0.1",
      "resolved": "https://registry.npmjs.org/chroma/-/chroma-0.0.1.tgz",
      "integrity": "sha1-pZEy3vpyETuTEvqY0lh8Z9MJ+Yk="
    },
    "colormap": {
      "version": "2.3.0",
      "resolved": "https://registry.npmjs.org/colormap/-/colormap-2.3.0.tgz",
      "integrity": "sha512-Mkk6mQUMbCleXEeStFm2xLwv5zbRakZMUFB1T1+iNEv58VKBByfPwYIjMQDwSRmXNM1gvo5y3WTYAhmdMn/rbg==",
      "requires": {
        "lerp": "1.0.3"
      }
    },
    "emitter-component": {
      "version": "1.1.1",
      "resolved": "https://registry.npmjs.org/emitter-component/-/emitter-component-1.1.1.tgz",
      "integrity": "sha1-Bl4tvtaVm/RwZ57avq95gdEAOrY="
    },
    "file-saver": {
      "version": "1.3.3",
      "resolved": "https://registry.npmjs.org/file-saver/-/file-saver-1.3.3.tgz",
      "integrity": "sha1-zdTETTqiZOrC9o7BZbx5HDSvEjI="
    },
    "hammerjs": {
      "version": "2.0.8",
      "resolved": "https://registry.npmjs.org/hammerjs/-/hammerjs-2.0.8.tgz",
      "integrity": "sha1-BO93hiz/K7edMPdpIJWTAiK/YPE="
    },
    "keycharm": {
      "version": "0.2.0",
      "resolved": "https://registry.npmjs.org/keycharm/-/keycharm-0.2.0.tgz",
      "integrity": "sha1-+m6i5DuQpoAohD0n8gddNajD5vk="
    },
    "lerp": {
      "version": "1.0.3",
      "resolved": "https://registry.npmjs.org/lerp/-/lerp-1.0.3.tgz",
      "integrity": "sha1-oYyJaPkXiW3hXM/MKNVaa3Med24="
    },
    "moment": {
      "version": "2.20.1",
      "resolved": "https://registry.npmjs.org/moment/-/moment-2.20.1.tgz",
      "integrity": "sha512-Yh9y73JRljxW5QxN08Fner68eFLxM5ynNOAw2LbIB1YAGeQzZT8QFSUvkAz609Zf+IHhhaUxqZK8dG3W/+HEvg=="
    },
    "optimist": {
      "version": "0.3.7",
      "resolved": "https://registry.npmjs.org/optimist/-/optimist-0.3.7.tgz",
      "integrity": "sha1-yQlBrVnkJzMokjB00s8ufLxuwNk=",
      "requires": {
        "wordwrap": "0.0.3"
      }
    },
    "propagating-hammerjs": {
      "version": "1.4.6",
      "resolved": "https://registry.npmjs.org/propagating-hammerjs/-/propagating-hammerjs-1.4.6.tgz",
      "integrity": "sha1-/tAOmwB2f/1C0U9bUxvEk+tnLjc=",
      "requires": {
        "hammerjs": "2.0.8"
      }
    },
    "require": {
      "version": "2.4.20",
      "resolved": "https://registry.npmjs.org/require/-/require-2.4.20.tgz",
      "integrity": "sha1-Zstrqqu2XeinHXk/XGX9GE83mLY=",
      "requires": {
        "std": "0.1.40",
        "uglify-js": "2.3.0"
      }
    },
    "source-map": {
      "version": "0.1.43",
      "resolved": "https://registry.npmjs.org/source-map/-/source-map-0.1.43.tgz",
      "integrity": "sha1-wkvBRspRfBRx9drL4lcbK3+eM0Y=",
      "requires": {
        "amdefine": "1.0.1"
      }
    },
    "std": {
      "version": "0.1.40",
      "resolved": "https://registry.npmjs.org/std/-/std-0.1.40.tgz",
      "integrity": "sha1-Nnil9lCU2eG2teJu2/wCErg0K3E="
    },
    "uglify-js": {
      "version": "2.6.0",
      "resolved": "https://registry.npmjs.org/uglify-js/-/uglify-js-2.6.0.tgz",
      "integrity": "sha1-LN7BbTeKiituz7aYl4TPi3rlSR8=",
      "requires": {
        "async": "0.2.10",
        "optimist": "0.3.7",
        "source-map": "0.1.43"
      }
    },
    "vis": {
      "version": "4.21.0",
      "resolved": "https://registry.npmjs.org/vis/-/vis-4.21.0.tgz",
      "integrity": "sha1-3XFji/9/ZJXQC8n0DCU1JhM97Ws=",
      "requires": {
        "emitter-component": "1.1.1",
        "hammerjs": "2.0.8",
        "keycharm": "0.2.0",
        "moment": "2.20.1",
        "propagating-hammerjs": "1.4.6"
      }
    },
    "wordwrap": {
      "version": "0.0.3",
      "resolved": "https://registry.npmjs.org/wordwrap/-/wordwrap-0.0.3.tgz",
      "integrity": "sha1-o9XabNXAvAAI03I0u68b7WMFkQc="
    }
  }
}
